<Solution>
  <Project Path="src/Moq.CodeAnalysis.UnitTests/Moq.CodeAnalysis.UnitTests.csproj" />
  <Project Path="src/Moq.CodeAnalysis/Moq.CodeAnalysis.csproj" />
  <Project Path="src/Moq.CodeFixes.UnitTests/Moq.CodeFixes.UnitTests.csproj" />
  <Project Path="src/Moq.CodeFixes/Moq.CodeFixes.csproj" />
  <Project Path="src/Moq.DynamicProxy/Moq.DynamicProxy.csproj" />
  <Project Path="src/Moq.Package/Moq.Package.msbuildproj" Type="13b669be-bb05-4ddf-9536-439f39a36129" />
  <Project Path="src/Moq.Sdk.Tests/Moq.Sdk.Tests.csproj" />
  <Project Path="src/Moq.Sdk/Moq.Sdk.csproj" />
  <Project Path="src/Moq.StaticProxy.UnitTests/Moq.StaticProxy.UnitTests.csproj" />
  <Project Path="src/Moq.StaticProxy/Moq.StaticProxy.csproj" />
  <Project Path="src/Moq.Tests/Moq.Tests.csproj" />
  <Project Path="src/Moq.Vsix/Moq.Vsix.csproj" />
  <Project Path="src/Moq/Moq.csproj" />
</Solution>
