Microsoft Visual Studio Solution File, Format Version 11.00
# Visual Studio 2010
Project("{2150E333-8FDC-42A3-9474-1A3956D46DE8}") = "Solution Items", "Solution Items", "{A5A5B8C3-D43F-43C6-AEC7-6FA7C35B8BE9}"
	ProjectSection(SolutionItems) = preProject
		Changelog.txt = Changelog.txt
		..\build\drop.cmd = ..\build\drop.cmd
		License.txt = License.txt
		Moq-CI.msbuild = Moq-CI.msbuild
	EndProjectSection
EndProject
Project("{2150E333-8FDC-42A3-9474-1A3956D46DE8}") = "Silverlight", "Silverlight", "{48EC9EB4-F52B-4404-89D7-5804E17B24D0}"
EndProject
Project("{FAE04EC0-301F-11D3-BF4B-00C04F79EFBC}") = "Moq", "Source\Moq.csproj", "{1C91AC30-5977-4BE5-BA67-8EB186C03514}"
EndProject
Project("{FAE04EC0-301F-11D3-BF4B-00C04F79EFBC}") = "Moq.Tests", "UnitTests\Moq.Tests.csproj", "{81BBC911-4916-4E10-A955-752AE47CB2B9}"
EndProject
Project("{FAE04EC0-301F-11D3-BF4B-00C04F79EFBC}") = "Moq.Silverlight", "Source.Silverlight\Moq.Silverlight.csproj", "{5136C8E1-E17F-481F-B29A-C7FAB528BD2D}"
EndProject
Project("{FAE04EC0-301F-11D3-BF4B-00C04F79EFBC}") = "Moq.Silverlight.Tests", "UnitTests.Silverlight\Moq.Silverlight.Tests.csproj", "{02A2F6A6-D8CF-45EB-A424-BFD8C26034CE}"
EndProject
Global
	GlobalSection(SolutionConfigurationPlatforms) = preSolution
		Debug|Any CPU = Debug|Any CPU
		Debug|x86 = Debug|x86
		Release|Any CPU = Release|Any CPU
		Release|x86 = Release|x86
	EndGlobalSection
	GlobalSection(ProjectConfigurationPlatforms) = postSolution
		{1C91AC30-5977-4BE5-BA67-8EB186C03514}.Debug|Any CPU.ActiveCfg = Debug|Any CPU
		{1C91AC30-5977-4BE5-BA67-8EB186C03514}.Debug|Any CPU.Build.0 = Debug|Any CPU
		{1C91AC30-5977-4BE5-BA67-8EB186C03514}.Debug|x86.ActiveCfg = Debug|Any CPU
		{1C91AC30-5977-4BE5-BA67-8EB186C03514}.Release|Any CPU.ActiveCfg = Release|Any CPU
		{1C91AC30-5977-4BE5-BA67-8EB186C03514}.Release|Any CPU.Build.0 = Release|Any CPU
		{1C91AC30-5977-4BE5-BA67-8EB186C03514}.Release|x86.ActiveCfg = Release|Any CPU
		{81BBC911-4916-4E10-A955-752AE47CB2B9}.Debug|Any CPU.ActiveCfg = Debug|Any CPU
		{81BBC911-4916-4E10-A955-752AE47CB2B9}.Debug|Any CPU.Build.0 = Debug|Any CPU
		{81BBC911-4916-4E10-A955-752AE47CB2B9}.Debug|x86.ActiveCfg = Debug|Any CPU
		{81BBC911-4916-4E10-A955-752AE47CB2B9}.Release|Any CPU.ActiveCfg = Release|Any CPU
		{81BBC911-4916-4E10-A955-752AE47CB2B9}.Release|Any CPU.Build.0 = Release|Any CPU
		{81BBC911-4916-4E10-A955-752AE47CB2B9}.Release|x86.ActiveCfg = Release|Any CPU
		{5136C8E1-E17F-481F-B29A-C7FAB528BD2D}.Debug|Any CPU.ActiveCfg = Debug|Any CPU
		{5136C8E1-E17F-481F-B29A-C7FAB528BD2D}.Debug|Any CPU.Build.0 = Debug|Any CPU
		{5136C8E1-E17F-481F-B29A-C7FAB528BD2D}.Debug|x86.ActiveCfg = Debug|x86
		{5136C8E1-E17F-481F-B29A-C7FAB528BD2D}.Debug|x86.Build.0 = Debug|x86
		{5136C8E1-E17F-481F-B29A-C7FAB528BD2D}.Release|Any CPU.ActiveCfg = Release|Any CPU
		{5136C8E1-E17F-481F-B29A-C7FAB528BD2D}.Release|Any CPU.Build.0 = Release|Any CPU
		{5136C8E1-E17F-481F-B29A-C7FAB528BD2D}.Release|x86.ActiveCfg = Release|Any CPU
		{02A2F6A6-D8CF-45EB-A424-BFD8C26034CE}.Debug|Any CPU.ActiveCfg = Debug|Any CPU
		{02A2F6A6-D8CF-45EB-A424-BFD8C26034CE}.Debug|Any CPU.Build.0 = Debug|Any CPU
		{02A2F6A6-D8CF-45EB-A424-BFD8C26034CE}.Debug|x86.ActiveCfg = Debug|x86
		{02A2F6A6-D8CF-45EB-A424-BFD8C26034CE}.Debug|x86.Build.0 = Debug|x86
		{02A2F6A6-D8CF-45EB-A424-BFD8C26034CE}.Release|Any CPU.ActiveCfg = Release|Any CPU
		{02A2F6A6-D8CF-45EB-A424-BFD8C26034CE}.Release|Any CPU.Build.0 = Release|Any CPU
		{02A2F6A6-D8CF-45EB-A424-BFD8C26034CE}.Release|x86.ActiveCfg = Release|Any CPU
	EndGlobalSection
	GlobalSection(SolutionProperties) = preSolution
		HideSolutionNode = FALSE
	EndGlobalSection
	GlobalSection(NestedProjects) = preSolution
		{5136C8E1-E17F-481F-B29A-C7FAB528BD2D} = {48EC9EB4-F52B-4404-89D7-5804E17B24D0}
		{02A2F6A6-D8CF-45EB-A424-BFD8C26034CE} = {48EC9EB4-F52B-4404-89D7-5804E17B24D0}
	EndGlobalSection
EndGlobal
