
Microsoft Visual Studio Solution File, Format Version 12.00
# Visual Studio Version 17
VisualStudioVersion = 17.10.34928.147
MinimumVisualStudioVersion = 10.0.40219.1
Project("{9A19103F-16F7-4668-BE54-9A1E7A4F7556}") = "Analyzer", "Analyzer\Analyzer.csproj", "{584984D6-926B-423D-9416-519613423BAE}"
EndProject
Project("{9A19103F-16F7-4668-BE54-9A1E7A4F7556}") = "Library", "Library\Library.csproj", "{598CD398-A172-492C-8367-827D43276029}"
EndProject
Project("{9A19103F-16F7-4668-BE54-9A1E7A4F7556}") = "Tests", "Tests\Tests.csproj", "{EA02494C-6ED4-47A0-8D43-20F50BE8554F}"
EndProject
Project("{9A19103F-16F7-4668-BE54-9A1E7A4F7556}") = "SponsorLink", "SponsorLink\SponsorLink.csproj", "{B91C7E99-3D2E-4FDF-B017-9123E810197F}"
EndProject
Global
	GlobalSection(SolutionConfigurationPlatforms) = preSolution
		Debug|Any CPU = Debug|Any CPU
		Release|Any CPU = Release|Any CPU
	EndGlobalSection
	GlobalSection(ProjectConfigurationPlatforms) = postSolution
		{584984D6-926B-423D-9416-519613423BAE}.Debug|Any CPU.ActiveCfg = Debug|Any CPU
		{584984D6-926B-423D-9416-519613423BAE}.Debug|Any CPU.Build.0 = Debug|Any CPU
		{584984D6-926B-423D-9416-519613423BAE}.Release|Any CPU.ActiveCfg = Release|Any CPU
		{584984D6-926B-423D-9416-519613423BAE}.Release|Any CPU.Build.0 = Release|Any CPU
		{598CD398-A172-492C-8367-827D43276029}.Debug|Any CPU.ActiveCfg = Debug|Any CPU
		{598CD398-A172-492C-8367-827D43276029}.Debug|Any CPU.Build.0 = Debug|Any CPU
		{598CD398-A172-492C-8367-827D43276029}.Release|Any CPU.ActiveCfg = Release|Any CPU
		{598CD398-A172-492C-8367-827D43276029}.Release|Any CPU.Build.0 = Release|Any CPU
		{EA02494C-6ED4-47A0-8D43-20F50BE8554F}.Debug|Any CPU.ActiveCfg = Debug|Any CPU
		{EA02494C-6ED4-47A0-8D43-20F50BE8554F}.Debug|Any CPU.Build.0 = Debug|Any CPU
		{EA02494C-6ED4-47A0-8D43-20F50BE8554F}.Release|Any CPU.ActiveCfg = Release|Any CPU
		{EA02494C-6ED4-47A0-8D43-20F50BE8554F}.Release|Any CPU.Build.0 = Release|Any CPU
		{B91C7E99-3D2E-4FDF-B017-9123E810197F}.Debug|Any CPU.ActiveCfg = Debug|Any CPU
		{B91C7E99-3D2E-4FDF-B017-9123E810197F}.Debug|Any CPU.Build.0 = Debug|Any CPU
		{B91C7E99-3D2E-4FDF-B017-9123E810197F}.Release|Any CPU.ActiveCfg = Release|Any CPU
		{B91C7E99-3D2E-4FDF-B017-9123E810197F}.Release|Any CPU.Build.0 = Release|Any CPU
	EndGlobalSection
	GlobalSection(SolutionProperties) = preSolution
		HideSolutionNode = FALSE
	EndGlobalSection
	GlobalSection(ExtensibilityGlobals) = postSolution
		SolutionGuid = {1DDA0EFF-BEF6-49BB-8AA8-D71FE1CD3E6F}
	EndGlobalSection
EndGlobal
