
Microsoft Visual Studio Solution File, Format Version 10.00
# Visual Studio 2008
Project("{2150E333-8FDC-42A3-9474-1A3956D46DE8}") = "Source", "Source", "{6F1F9F8E-B88A-426E-9408-CB39D2052BFA}"
EndProject
Project("{2150E333-8FDC-42A3-9474-1A3956D46DE8}") = "UnitTests", "UnitTests", "{6CA54C7A-DAB8-42E4-8A20-C1329194FF36}"
EndProject
Project("{FAE04EC0-301F-11D3-BF4B-00C04F79EFBC}") = "ProductsMvcSample", "Source\ProductsMvcSample\ProductsMvcSample.csproj", "{766F76DC-B97D-41FE-A6D8-F039EAB8533D}"
EndProject
Project("{FAE04EC0-301F-11D3-BF4B-00C04F79EFBC}") = "ProductsMvcSample.Tests", "UnitTests\ProductsMvcSample.Tests\ProductsMvcSample.Tests.csproj", "{0BB61A7C-2791-45EC-A7A5-E2F525CAFA72}"
EndProject
Global
	GlobalSection(SolutionConfigurationPlatforms) = preSolution
		Debug|Any CPU = Debug|Any CPU
		Release|Any CPU = Release|Any CPU
	EndGlobalSection
	GlobalSection(ProjectConfigurationPlatforms) = postSolution
		{766F76DC-B97D-41FE-A6D8-F039EAB8533D}.Debug|Any CPU.ActiveCfg = Debug|Any CPU
		{766F76DC-B97D-41FE-A6D8-F039EAB8533D}.Debug|Any CPU.Build.0 = Debug|Any CPU
		{766F76DC-B97D-41FE-A6D8-F039EAB8533D}.Release|Any CPU.ActiveCfg = Release|Any CPU
		{766F76DC-B97D-41FE-A6D8-F039EAB8533D}.Release|Any CPU.Build.0 = Release|Any CPU
		{0BB61A7C-2791-45EC-A7A5-E2F525CAFA72}.Debug|Any CPU.ActiveCfg = Debug|Any CPU
		{0BB61A7C-2791-45EC-A7A5-E2F525CAFA72}.Debug|Any CPU.Build.0 = Debug|Any CPU
		{0BB61A7C-2791-45EC-A7A5-E2F525CAFA72}.Release|Any CPU.ActiveCfg = Release|Any CPU
		{0BB61A7C-2791-45EC-A7A5-E2F525CAFA72}.Release|Any CPU.Build.0 = Release|Any CPU
	EndGlobalSection
	GlobalSection(SolutionProperties) = preSolution
		HideSolutionNode = FALSE
	EndGlobalSection
	GlobalSection(NestedProjects) = preSolution
		{766F76DC-B97D-41FE-A6D8-F039EAB8533D} = {6F1F9F8E-B88A-426E-9408-CB39D2052BFA}
		{0BB61A7C-2791-45EC-A7A5-E2F525CAFA72} = {6CA54C7A-DAB8-42E4-8A20-C1329194FF36}
	EndGlobalSection
EndGlobal
